# THIS IS AN AUTOGENERATED FILE. DO NOT EDIT THIS FILE DIRECTLY.
# yarn lockfile v1


"@adraffy/ens-normalize@^1.11.0":
  version "1.11.1"
  resolved "https://registry.yarnpkg.com/@adraffy/ens-normalize/-/ens-normalize-1.11.1.tgz#6c2d657d4b2dfb37f8ea811dcb3e60843d4ac24a"
  integrity sha512-nhCBV3quEgesuf7c7KYfperqSS14T8bYuvJ8PcLJp6znkZpFc0AuW4qBtr8eKVyPPe/8RSr7sglCWPU5eaxwKQ==

"@esbuild/aix-ppc64@0.27.2":
  version "0.27.2"
  resolved "https://registry.yarnpkg.com/@esbuild/aix-ppc64/-/aix-ppc64-0.27.2.tgz#521cbd968dcf362094034947f76fa1b18d2d403c"
  integrity sha512-GZMB+a0mOMZs4MpDbj8RJp4cw+w1WV5NYD6xzgvzUJ5Ek2jerwfO2eADyI6ExDSUED+1X8aMbegahsJi+8mgpw==

"@esbuild/android-arm64@0.27.2":
  version "0.27.2"
  resolved "https://registry.yarnpkg.com/@esbuild/android-arm64/-/android-arm64-0.27.2.tgz#61ea550962d8aa12a9b33194394e007657a6df57"
  integrity sha512-pvz8ZZ7ot/RBphf8fv60ljmaoydPU12VuXHImtAs0XhLLw+EXBi2BLe3OYSBslR4rryHvweW5gmkKFwTiFy6KA==

"@esbuild/android-arm@0.27.2":
  version "0.27.2"
  resolved "https://registry.yarnpkg.com/@esbuild/android-arm/-/android-arm-0.27.2.tgz#554887821e009dd6d853f972fde6c5143f1de142"
  integrity sha512-DVNI8jlPa7Ujbr1yjU2PfUSRtAUZPG9I1RwW4F4xFB1Imiu2on0ADiI/c3td+KmDtVKNbi+nffGDQMfcIMkwIA==

"@esbuild/android-x64@0.27.2":
  version "0.27.2"
  resolved "https://registry.yarnpkg.com/@esbuild/android-x64/-/android-x64-0.27.2.tgz#a7ce9d0721825fc578f9292a76d9e53334480ba2"
  integrity sha512-z8Ank4Byh4TJJOh4wpz8g2vDy75zFL0TlZlkUkEwYXuPSgX8yzep596n6mT7905kA9uHZsf/o2OJZubl2l3M7A==

"@esbuild/darwin-arm64@0.27.2":
  version "0.27.2"
  resolved "https://registry.yarnpkg.com/@esbuild/darwin-arm64/-/darwin-arm64-0.27.2.tgz#2cb7659bd5d109803c593cfc414450d5430c8256"
  integrity sha512-davCD2Zc80nzDVRwXTcQP/28fiJbcOwvdolL0sOiOsbwBa72kegmVU0Wrh1MYrbuCL98Omp5dVhQFWRKR2ZAlg==

"@esbuild/darwin-x64@0.27.2":
  version "0.27.2"
  resolved "https://registry.yarnpkg.com/@esbuild/darwin-x64/-/darwin-x64-0.27.2.tgz#e741fa6b1abb0cd0364126ba34ca17fd5e7bf509"
  integrity sha512-ZxtijOmlQCBWGwbVmwOF/UCzuGIbUkqB1faQRf5akQmxRJ1ujusWsb3CVfk/9iZKr2L5SMU5wPBi1UWbvL+VQA==

"@esbuild/freebsd-arm64@0.27.2":
  version "0.27.2"
  resolved "https://registry.yarnpkg.com/@esbuild/freebsd-arm64/-/freebsd-arm64-0.27.2.tgz#2b64e7116865ca172d4ce034114c21f3c93e397c"
  integrity sha512-lS/9CN+rgqQ9czogxlMcBMGd+l8Q3Nj1MFQwBZJyoEKI50XGxwuzznYdwcav6lpOGv5BqaZXqvBSiB/kJ5op+g==

"@esbuild/freebsd-x64@0.27.2":
  version "0.27.2"
  resolved "https://registry.yarnpkg.com/@esbuild/freebsd-x64/-/freebsd-x64-0.27.2.tgz#e5252551e66f499e4934efb611812f3820e990bb"
  integrity sha512-tAfqtNYb4YgPnJlEFu4c212HYjQWSO/w/h/lQaBK7RbwGIkBOuNKQI9tqWzx7Wtp7bTPaGC6MJvWI608P3wXYA==

"@esbuild/linux-arm64@0.27.2":
  version "0.27.2"
  resolved "https://registry.yarnpkg.com/@esbuild/linux-arm64/-/linux-arm64-0.27.2.tgz#dc4acf235531cd6984f5d6c3b13dbfb7ddb303cb"
  integrity sha512-hYxN8pr66NsCCiRFkHUAsxylNOcAQaxSSkHMMjcpx0si13t1LHFphxJZUiGwojB1a/Hd5OiPIqDdXONia6bhTw==

"@esbuild/linux-arm@0.27.2":
  version "0.27.2"
  resolved "https://registry.yarnpkg.com/@esbuild/linux-arm/-/linux-arm-0.27.2.tgz#56a900e39240d7d5d1d273bc053daa295c92e322"
  integrity sha512-vWfq4GaIMP9AIe4yj1ZUW18RDhx6EPQKjwe7n8BbIecFtCQG4CfHGaHuh7fdfq+y3LIA2vGS/o9ZBGVxIDi9hw==

"@esbuild/linux-ia32@0.27.2":
  version "0.27.2"
  resolved "https://registry.yarnpkg.com/@esbuild/linux-ia32/-/linux-ia32-0.27.2.tgz#d4a36d473360f6870efcd19d52bbfff59a2ed1cc"
  integrity sha512-MJt5BRRSScPDwG2hLelYhAAKh9imjHK5+NE/tvnRLbIqUWa+0E9N4WNMjmp/kXXPHZGqPLxggwVhz7QP8CTR8w==

"@esbuild/linux-loong64@0.27.2":
  version "0.27.2"
  resolved "https://registry.yarnpkg.com/@esbuild/linux-loong64/-/linux-loong64-0.27.2.tgz#fcf0ab8c3eaaf45891d0195d4961cb18b579716a"
  integrity sha512-lugyF1atnAT463aO6KPshVCJK5NgRnU4yb3FUumyVz+cGvZbontBgzeGFO1nF+dPueHD367a2ZXe1NtUkAjOtg==

"@esbuild/linux-mips64el@0.27.2":
  version "0.27.2"
  resolved "https://registry.yarnpkg.com/@esbuild/linux-mips64el/-/linux-mips64el-0.27.2.tgz#598b67d34048bb7ee1901cb12e2a0a434c381c10"
  integrity sha512-nlP2I6ArEBewvJ2gjrrkESEZkB5mIoaTswuqNFRv/WYd+ATtUpe9Y09RnJvgvdag7he0OWgEZWhviS1OTOKixw==

"@esbuild/linux-ppc64@0.27.2":
  version "0.27.2"
  resolved "https://registry.yarnpkg.com/@esbuild/linux-ppc64/-/linux-ppc64-0.27.2.tgz#3846c5df6b2016dab9bc95dde26c40f11e43b4c0"
  integrity sha512-C92gnpey7tUQONqg1n6dKVbx3vphKtTHJaNG2Ok9lGwbZil6DrfyecMsp9CrmXGQJmZ7iiVXvvZH6Ml5hL6XdQ==

"@esbuild/linux-riscv64@0.27.2":
  version "0.27.2"
  resolved "https://registry.yarnpkg.com/@esbuild/linux-riscv64/-/linux-riscv64-0.27.2.tgz#173d4475b37c8d2c3e1707e068c174bb3f53d07d"
  integrity sha512-B5BOmojNtUyN8AXlK0QJyvjEZkWwy/FKvakkTDCziX95AowLZKR6aCDhG7LeF7uMCXEJqwa8Bejz5LTPYm8AvA==

"@esbuild/linux-s390x@0.27.2":
  version "0.27.2"
  resolved "https://registry.yarnpkg.com/@esbuild/linux-s390x/-/linux-s390x-0.27.2.tgz#f7a4790105edcab8a5a31df26fbfac1aa3dacfab"
  integrity sha512-p4bm9+wsPwup5Z8f4EpfN63qNagQ47Ua2znaqGH6bqLlmJ4bx97Y9JdqxgGZ6Y8xVTixUnEkoKSHcpRlDnNr5w==

"@esbuild/linux-x64@0.27.2":
  version "0.27.2"
  resolved "https://registry.yarnpkg.com/@esbuild/linux-x64/-/linux-x64-0.27.2.tgz#2ecc1284b1904aeb41e54c9ddc7fcd349b18f650"
  integrity sha512-uwp2Tip5aPmH+NRUwTcfLb+W32WXjpFejTIOWZFw/v7/KnpCDKG66u4DLcurQpiYTiYwQ9B7KOeMJvLCu/OvbA==

"@esbuild/netbsd-arm64@0.27.2":
  version "0.27.2"
  resolved "https://registry.yarnpkg.com/@esbuild/netbsd-arm64/-/netbsd-arm64-0.27.2.tgz#e2863c2cd1501845995cb11adf26f7fe4be527b0"
  integrity sha512-Kj6DiBlwXrPsCRDeRvGAUb/LNrBASrfqAIok+xB0LxK8CHqxZ037viF13ugfsIpePH93mX7xfJp97cyDuTZ3cw==

"@esbuild/netbsd-x64@0.27.2":
  version "0.27.2"
  resolved "https://registry.yarnpkg.com/@esbuild/netbsd-x64/-/netbsd-x64-0.27.2.tgz#93f7609e2885d1c0b5a1417885fba8d1fcc41272"
  integrity sha512-HwGDZ0VLVBY3Y+Nw0JexZy9o/nUAWq9MlV7cahpaXKW6TOzfVno3y3/M8Ga8u8Yr7GldLOov27xiCnqRZf0tCA==

"@esbuild/openbsd-arm64@0.27.2":
  version "0.27.2"
  resolved "https://registry.yarnpkg.com/@esbuild/openbsd-arm64/-/openbsd-arm64-0.27.2.tgz#a1985604a203cdc325fd47542e106fafd698f02e"
  integrity sha512-DNIHH2BPQ5551A7oSHD0CKbwIA/Ox7+78/AWkbS5QoRzaqlev2uFayfSxq68EkonB+IKjiuxBFoV8ESJy8bOHA==

"@esbuild/openbsd-x64@0.27.2":
  version "0.27.2"
  resolved "https://registry.yarnpkg.com/@esbuild/openbsd-x64/-/openbsd-x64-0.27.2.tgz#8209e46c42f1ffbe6e4ef77a32e1f47d404ad42a"
  integrity sha512-/it7w9Nb7+0KFIzjalNJVR5bOzA9Vay+yIPLVHfIQYG/j+j9VTH84aNB8ExGKPU4AzfaEvN9/V4HV+F+vo8OEg==

"@esbuild/openharmony-arm64@0.27.2":
  version "0.27.2"
  resolved "https://registry.yarnpkg.com/@esbuild/openharmony-arm64/-/openharmony-arm64-0.27.2.tgz#8fade4441893d9cc44cbd7dcf3776f508ab6fb2f"
  integrity sha512-LRBbCmiU51IXfeXk59csuX/aSaToeG7w48nMwA6049Y4J4+VbWALAuXcs+qcD04rHDuSCSRKdmY63sruDS5qag==

"@esbuild/sunos-x64@0.27.2":
  version "0.27.2"
  resolved "https://registry.yarnpkg.com/@esbuild/sunos-x64/-/sunos-x64-0.27.2.tgz#980d4b9703a16f0f07016632424fc6d9a789dfc2"
  integrity sha512-kMtx1yqJHTmqaqHPAzKCAkDaKsffmXkPHThSfRwZGyuqyIeBvf08KSsYXl+abf5HDAPMJIPnbBfXvP2ZC2TfHg==

"@esbuild/win32-arm64@0.27.2":
  version "0.27.2"
  resolved "https://registry.yarnpkg.com/@esbuild/win32-arm64/-/win32-arm64-0.27.2.tgz#1c09a3633c949ead3d808ba37276883e71f6111a"
  integrity sha512-Yaf78O/B3Kkh+nKABUF++bvJv5Ijoy9AN1ww904rOXZFLWVc5OLOfL56W+C8F9xn5JQZa3UX6m+IktJnIb1Jjg==

"@esbuild/win32-ia32@0.27.2":
  version "0.27.2"
  resolved "https://registry.yarnpkg.com/@esbuild/win32-ia32/-/win32-ia32-0.27.2.tgz#1b1e3a63ad4bef82200fef4e369e0fff7009eee5"
  integrity sha512-Iuws0kxo4yusk7sw70Xa2E2imZU5HoixzxfGCdxwBdhiDgt9vX9VUCBhqcwY7/uh//78A1hMkkROMJq9l27oLQ==

"@esbuild/win32-x64@0.27.2":
  version "0.27.2"
  resolved "https://registry.yarnpkg.com/@esbuild/win32-x64/-/win32-x64-0.27.2.tgz#9e585ab6086bef994c6e8a5b3a0481219ada862b"
  integrity sha512-sRdU18mcKf7F+YgheI/zGf5alZatMUTKj/jNS6l744f9u3WFu4v7twcUI9vu4mknF4Y9aDlblIie0IM+5xxaqQ==

"@fastify/busboy@^2.0.0":
  version "2.1.1"
  resolved "https://registry.yarnpkg.com/@fastify/busboy/-/busboy-2.1.1.tgz#b9da6a878a371829a0502c9b6c1c143ef6663f4d"
  integrity sha512-vBZP4NlzfOlerQTnba4aqZoMhE/a9HY7HRqoOPaETQcSQuWEIyZMHGfVu6w9wGtGK5fED5qRs2DteVCjOH60sA==

"@noble/ciphers@^1.3.0":
  version "1.3.0"
  resolved "https://registry.yarnpkg.com/@noble/ciphers/-/ciphers-1.3.0.tgz#f64b8ff886c240e644e5573c097f86e5b43676dc"
  integrity sha512-2I0gnIVPtfnMw9ee9h1dJG7tp81+8Ob3OJb3Mv37rx5L40/b0i7djjCVvGOVqc9AEIQyvyu1i6ypKdFw8R8gQw==

"@noble/curves@1.9.1":
  version "1.9.1"
  resolved "https://registry.yarnpkg.com/@noble/curves/-/curves-1.9.1.tgz#9654a0bc6c13420ae252ddcf975eaf0f58f0a35c"
  integrity sha512-k11yZxZg+t+gWvBbIswW0yoJlu8cHOC7dhunwOzoWH/mXGBiYyR4YY6hAEK/3EUs4UpB8la1RfdRpeGsFHkWsA==
  dependencies:
    "@noble/hashes" "1.8.0"

"@noble/curves@~1.9.0":
  version "1.9.7"
  resolved "https://registry.yarnpkg.com/@noble/curves/-/curves-1.9.7.tgz#79d04b4758a43e4bca2cbdc62e7771352fa6b951"
  integrity sha512-gbKGcRUYIjA3/zCCNaWDciTMFI0dCkvou3TL8Zmy5Nc7sJ47a0jtOeZoTaMxkuqRo9cRhjOdZJXegxYE5FN/xw==
  dependencies:
    "@noble/hashes" "1.8.0"

"@noble/hashes@1.8.0", "@noble/hashes@^1.8.0", "@noble/hashes@~1.8.0":
  version "1.8.0"
  resolved "https://registry.yarnpkg.com/@noble/hashes/-/hashes-1.8.0.tgz#cee43d801fcef9644b11b8194857695acd5f815a"
  integrity sha512-jCs9ldd7NwzpgXDIf6P3+NrHh9/sD6CQdxHyjQI+h/6rDNo88ypBxxz45UDuZHz9r3tNz7N/VInSVoVdtXEI4A==

"@noble/secp256k1@^2.2.3":
  version "2.3.0"
  resolved "https://registry.yarnpkg.com/@noble/secp256k1/-/secp256k1-2.3.0.tgz#ddfe6e853472fb88cba4d5e59b7067adc1e64adf"
  integrity sha512-0TQed2gcBbIrh7Ccyw+y/uZQvbJwm7Ao4scBUxqpBCcsOlZG0O4KGfjtNAy/li4W8n1xt3dxrwJ0beZ2h2G6Kw==

"@protobufjs/aspromise@^1.1.1", "@protobufjs/aspromise@^1.1.2":
  version "1.1.2"
  resolved "https://registry.yarnpkg.com/@protobufjs/aspromise/-/aspromise-1.1.2.tgz#9b8b0cc663d669a7d8f6f5d0893a14d348f30fbf"
  integrity sha512-j+gKExEuLmKwvz3OgROXtrJ2UG2x8Ch2YZUxahh+s1F2HZ+wAceUNLkvy6zKCPVRkU++ZWQrdxsUeQXmcg4uoQ==

"@protobufjs/base64@^1.1.2":
  version "1.1.2"
  resolved "https://registry.yarnpkg.com/@protobufjs/base64/-/base64-1.1.2.tgz#4c85730e59b9a1f1f349047dbf24296034bb2735"
  integrity sha512-AZkcAA5vnN/v4PDqKyMR5lx7hZttPDgClv83E//FMNhR2TMcLUhfRUBHCmSl0oi9zMgDDqRUJkSxO3wm85+XLg==

"@protobufjs/codegen@^2.0.4":
  version "2.0.4"
  resolved "https://registry.yarnpkg.com/@protobufjs/codegen/-/codegen-2.0.4.tgz#7ef37f0d010fb028ad1ad59722e506d9262815cb"
  integrity sha512-YyFaikqM5sH0ziFZCN3xDC7zeGaB/d0IUb9CATugHWbd1FRFwWwt4ld4OYMPWu5a3Xe01mGAULCdqhMlPl29Jg==

"@protobufjs/eventemitter@^1.1.0":
  version "1.1.0"
  resolved "https://registry.yarnpkg.com/@protobufjs/eventemitter/-/eventemitter-1.1.0.tgz#355cbc98bafad5978f9ed095f397621f1d066b70"
  integrity sha512-j9ednRT81vYJ9OfVuXG6ERSTdEL1xVsNgqpkxMsbIabzSo3goCjDIveeGv5d03om39ML71RdmrGNjG5SReBP/Q==

"@protobufjs/fetch@^1.1.0":
  version "1.1.0"
  resolved "https://registry.yarnpkg.com/@protobufjs/fetch/-/fetch-1.1.0.tgz#ba99fb598614af65700c1619ff06d454b0d84c45"
  integrity sha512-lljVXpqXebpsijW71PZaCYeIcE5on1w5DlQy5WH6GLbFryLUrBD4932W/E2BSpfRJWseIL4v/KPgBFxDOIdKpQ==
  dependencies:
    "@protobufjs/aspromise" "^1.1.1"
    "@protobufjs/inquire" "^1.1.0"

"@protobufjs/float@^1.0.2":
  version "1.0.2"
  resolved "https://registry.yarnpkg.com/@protobufjs/float/-/float-1.0.2.tgz#5e9e1abdcb73fc0a7cb8b291df78c8cbd97b87d1"
  integrity sha512-Ddb+kVXlXst9d+R9PfTIxh1EdNkgoRe5tOX6t01f1lYWOvJnSPDBlG241QLzcyPdoNTsblLUdujGSE4RzrTZGQ==

"@protobufjs/inquire@^1.1.0":
  version "1.1.0"
  resolved "https://registry.yarnpkg.com/@protobufjs/inquire/-/inquire-1.1.0.tgz#ff200e3e7cf2429e2dcafc1140828e8cc638f089"
  integrity sha512-kdSefcPdruJiFMVSbn801t4vFK7KB/5gd2fYvrxhuJYg8ILrmn9SKSX2tZdV6V+ksulWqS7aXjBcRXl3wHoD9Q==

"@protobufjs/path@^1.1.2":
  version "1.1.2"
  resolved "https://registry.yarnpkg.com/@protobufjs/path/-/path-1.1.2.tgz#6cc2b20c5c9ad6ad0dccfd21ca7673d8d7fbf68d"
  integrity sha512-6JOcJ5Tm08dOHAbdR3GrvP+yUUfkjG5ePsHYczMFLq3ZmMkAD98cDgcT2iA1lJ9NVwFd4tH/iSSoe44YWkltEA==

"@protobufjs/pool@^1.1.0":
  version "1.1.0"
  resolved "https://registry.yarnpkg.com/@protobufjs/pool/-/pool-1.1.0.tgz#09fd15f2d6d3abfa9b65bc366506d6ad7846ff54"
  integrity sha512-0kELaGSIDBKvcgS4zkjz1PeddatrjYcmMWOlAuAPwAeccUrPHdUqo/J6LiymHHEiJT5NrF1UVwxY14f+fy4WQw==

"@protobufjs/utf8@^1.1.0":
  version "1.1.0"
  resolved "https://registry.yarnpkg.com/@protobufjs/utf8/-/utf8-1.1.0.tgz#a777360b5b39a1a2e5106f8e858f2fd2d060c570"
  integrity sha512-Vvn3zZrhQZkkBE8LSuW3em98c0FwgO4nxzv6OdSxPKJIEKY2bGbHn+mhGIPerzI4twdxaP8/0+06HBpwf345Lw==

"@scure/base@~1.2.5":
  version "1.2.6"
  resolved "https://registry.yarnpkg.com/@scure/base/-/base-1.2.6.tgz#ca917184b8231394dd8847509c67a0be522e59f6"
  integrity sha512-g/nm5FgUa//MCj1gV09zTJTaM6KBAHqLN907YVQqf7zC49+DcO4B1so4ZX07Ef10Twr6nuqYEH9GEggFXA4Fmg==

"@scure/bip32@1.7.0", "@scure/bip32@^1.7.0":
  version "1.7.0"
  resolved "https://registry.yarnpkg.com/@scure/bip32/-/bip32-1.7.0.tgz#b8683bab172369f988f1589640e53c4606984219"
  integrity sha512-E4FFX/N3f4B80AKWp5dP6ow+flD1LQZo/w8UnLGYZO674jS6YnYeepycOOksv+vLPSpgN35wgKgy+ybfTb2SMw==
  dependencies:
    "@noble/curves" "~1.9.0"
    "@noble/hashes" "~1.8.0"
    "@scure/base" "~1.2.5"

"@scure/bip39@1.6.0", "@scure/bip39@^1.6.0":
  version "1.6.0"
  resolved "https://registry.yarnpkg.com/@scure/bip39/-/bip39-1.6.0.tgz#475970ace440d7be87a6086cbee77cb8f1a684f9"
  integrity sha512-+lF0BbLiJNwVlev4eKelw1WWLaiKXw7sSl8T6FvBlWkdX+94aGJ4o8XjUdlyhTCjd8c+B3KT3JfS8P0bLRNU6A==
  dependencies:
    "@noble/hashes" "~1.8.0"
    "@scure/base" "~1.2.5"

"@types/node@>=13.7.0":
  version "25.0.8"
  resolved "https://registry.yarnpkg.com/@types/node/-/node-25.0.8.tgz#e54e00f94fe1db2497b3e42d292b8376a2678c8d"
  integrity sha512-powIePYMmC3ibL0UJ2i2s0WIbq6cg6UyVFQxSCpaPxxzAaziRfimGivjdF943sSGV6RADVbk0Nvlm5P/FB44Zg==
  dependencies:
    undici-types "~7.16.0"

"@types/node@^24.10.1":
  version "24.10.8"
  resolved "https://registry.yarnpkg.com/@types/node/-/node-24.10.8.tgz#9b529d32e7e5adb74b13d1fc9b83615e9a12a701"
  integrity sha512-r0bBaXu5Swb05doFYO2kTWHMovJnNVbCsII0fhesM8bNRlLhXIuckley4a2DaD+vOdmm5G+zGkQZAPZsF80+YQ==
  dependencies:
    undici-types "~7.16.0"

"@xmtp/agent-sdk@1.2.4-dev.f53662f":
  version "1.2.4-dev.f53662f"
  resolved "https://registry.yarnpkg.com/@xmtp/agent-sdk/-/agent-sdk-1.2.4-dev.f53662f.tgz#dc179ab43f05bc6ac4b4577a8dde26f8576145c8"
  integrity sha512-TPoM0K35KT/O/pcNycoAjGFwRBBICXZKC41mH6XnIQPthwxavkfkQp2KfZ6aqELVkPbGvcXow65jN6fc6M9Xtg==
  dependencies:
    "@xmtp/content-type-markdown" "^1.0.0"
    "@xmtp/content-type-reaction" "^2.0.2"
    "@xmtp/content-type-read-receipt" "^2.0.2"
    "@xmtp/content-type-remote-attachment" "^2.0.4"
    "@xmtp/content-type-reply" "^2.0.2"
    "@xmtp/content-type-text" "^2.0.2"
    "@xmtp/content-type-transaction-reference" "^2.0.2"
    "@xmtp/content-type-wallet-send-calls" "^2.0.0"
    "@xmtp/node-sdk" "4.6.0-dev.02e173d"
    viem "^2.37.6"

"@xmtp/content-type-group-updated@^2.0.2":
  version "2.0.3"
  resolved "https://registry.yarnpkg.com/@xmtp/content-type-group-updated/-/content-type-group-updated-2.0.3.tgz#a57969acdf7108d792eed847ca83a9e3cfac1823"
  integrity sha512-X4h8KBZftFUGA0Zr/im22E52oDdI/krO8Ulh+PcZVvSBhr7Unj4zaDKWkNKQKylwiIcuCi6/tqf3iqfuptw9nw==
  dependencies:
    "@xmtp/content-type-primitives" "^2.0.2"
    "@xmtp/proto" "3.78.0"

"@xmtp/content-type-markdown@^1.0.0":
  version "1.0.0"
  resolved "https://registry.yarnpkg.com/@xmtp/content-type-markdown/-/content-type-markdown-1.0.0.tgz#460edeb5af927718ce158a3725fa60db2f0a2088"
  integrity sha512-B0Pevjjxf+Nps8MyMXEklp7jzcwIH42tFzT3FlGTiOSh/0g3o8SgkxPETKGK/ifL5vjV0u4AzeJsgTEbHl/d6Q==
  dependencies:
    "@xmtp/content-type-primitives" "^2.0.2"

"@xmtp/content-type-primitives@^2.0.2":
  version "2.0.3"
  resolved "https://registry.yarnpkg.com/@xmtp/content-type-primitives/-/content-type-primitives-2.0.3.tgz#4e1e0ee0a13cf05337af763f59d38964e6252b04"
  integrity sha512-JOTaNHhcqNO1uAZV9wE8TLEtEgMApuzuoAKMuMRXsKXfAb86G7Pe84moVsr20r7VaIqDjhDlzPw1GYYs7DMODw==
  dependencies:
    "@xmtp/proto" "3.78.0"

"@xmtp/content-type-reaction@^2.0.2":
  version "2.0.2"
  resolved "https://registry.yarnpkg.com/@xmtp/content-type-reaction/-/content-type-reaction-2.0.2.tgz#b0dfd0e201275cf2531bbc44300386685355dbb8"
  integrity sha512-v7wGMycSsUi8NyLR+ytjDhNY4Nr4p8qNwKx8LZPlA8IwLacq2Bp2vKxlOAnGX7m5XP9ivpBNNZvkpR5Limvz1g==
  dependencies:
    "@xmtp/content-type-primitives" "^2.0.2"

"@xmtp/content-type-read-receipt@^2.0.2":
  version "2.0.2"
  resolved "https://registry.yarnpkg.com/@xmtp/content-type-read-receipt/-/content-type-read-receipt-2.0.2.tgz#0c24652b37cdfd60690ab385c82ed6b1f7f6142d"
  integrity sha512-klrdEhWt5OtE3dhBZiFRvjheI3d5XlLbIz9TMkvvPAaG4fvqJeMvlkkKqpyUUeVFTe6JQp1VfzT0bEL7RAhzMg==
  dependencies:
    "@xmtp/content-type-primitives" "^2.0.2"

"@xmtp/content-type-remote-attachment@^2.0.4":
  version "2.0.4"
  resolved "https://registry.yarnpkg.com/@xmtp/content-type-remote-attachment/-/content-type-remote-attachment-2.0.4.tgz#b19d4778ca0e8f1550253c8583286f63505cbe19"
  integrity sha512-dHXXIsbn1y+PbNMXbQPkfjXr9LQ0QfQS8tIu/Hz6nL4h5QG5ECHsHfHVzVWE3P0eHlGfLVnQaKqg2dFiP8uwXw==
  dependencies:
    "@noble/secp256k1" "^2.2.3"
    "@xmtp/content-type-primitives" "^2.0.2"
    "@xmtp/proto" "3.78.0"

"@xmtp/content-type-reply@^2.0.2":
  version "2.0.3"
  resolved "https://registry.yarnpkg.com/@xmtp/content-type-reply/-/content-type-reply-2.0.3.tgz#b4e0a429392ad5ec163576bf19d2294a10360b95"
  integrity sha512-b7oi6Hh48MRBpq3w/XWzUwH2O8np/IodP5x1mHZK+21d/zWPRx/o/6640+G+qWg/nXUF05eb/cnfE50CjD4eoQ==
  dependencies:
    "@xmtp/content-type-primitives" "^2.0.2"
    "@xmtp/proto" "3.78.0"

"@xmtp/content-type-text@^2.0.2":
  version "2.0.2"
  resolved "https://registry.yarnpkg.com/@xmtp/content-type-text/-/content-type-text-2.0.2.tgz#dbfde0e5840cd178a18b7ca618b10813e4175820"
  integrity sha512-nlRufOYPrG5sNbruNPCsb6Qk9/jmJ5lMooPsZEo4Dbwda/2S4bSvrrIncT6if7M2SCha3hxtlgJlFGeTtHy4gQ==
  dependencies:
    "@xmtp/content-type-primitives" "^2.0.2"

"@xmtp/content-type-transaction-reference@^2.0.2":
  version "2.0.2"
  resolved "https://registry.yarnpkg.com/@xmtp/content-type-transaction-reference/-/content-type-transaction-reference-2.0.2.tgz#dc48ad2e85d9013e31121b409430f8c3c7c355f5"
  integrity sha512-7JwqZ3phX/XIZByY4XnteW/0c/XtPOeuEG3GayLOMELyEBJxoVog4evxFidoWb/vtEm9JuqqKqh8VtUaekhXYA==
  dependencies:
    "@xmtp/content-type-primitives" "^2.0.2"

"@xmtp/content-type-wallet-send-calls@^2.0.0":
  version "2.0.0"
  resolved "https://registry.yarnpkg.com/@xmtp/content-type-wallet-send-calls/-/content-type-wallet-send-calls-2.0.0.tgz#e3462aafdce22090ed179deefed2204a5dd71ddd"
  integrity sha512-212g68DjwFMh3gaAwULJvrhpuje6Tp4rF94oy3lQRvnXCQ+xLkyDi8pT5Pyw3Dm6jW+ke1U0hauzV7sLCgIFSw==
  dependencies:
    "@xmtp/content-type-primitives" "^2.0.2"

"@xmtp/node-bindings@1.6.8-dev.9b62c92":
  version "1.6.8-dev.9b62c92"
  resolved "https://registry.yarnpkg.com/@xmtp/node-bindings/-/node-bindings-1.6.8-dev.9b62c92.tgz#f708c98d4f45237bd6354ac32550ea8b5111e463"
  integrity sha512-41t+T6OgssylHGKnLKGz7/+tCaanMX/urCQoxOowy/TrJ8MrfPHc1kyY/6Tdj/awGOBK4vmMa1XkRV/6BopZ4Q==

"@xmtp/node-sdk@4.6.0-dev.02e173d":
  version "4.6.0-dev.02e173d"
  resolved "https://registry.yarnpkg.com/@xmtp/node-sdk/-/node-sdk-4.6.0-dev.02e173d.tgz#b970b6870e4077d019bc317bc887bbc71a19dd5f"
  integrity sha512-j7m7oYV8dFRpTqXokjY31r2A0OcZGT7F5qSzUC/ypC2aqNCeXgxg4pe2ifU+WwcBhcSVCZ9kw4P81QI/AqnreA==
  dependencies:
    "@xmtp/content-type-group-updated" "^2.0.2"
    "@xmtp/content-type-primitives" "^2.0.2"
    "@xmtp/content-type-text" "^2.0.2"
    "@xmtp/node-bindings" "1.6.8-dev.9b62c92"

"@xmtp/proto@3.78.0":
  version "3.78.0"
  resolved "https://registry.yarnpkg.com/@xmtp/proto/-/proto-3.78.0.tgz#6423d5c2fde40fcdcb953cb82a71f101f547c807"
  integrity sha512-JHkkvbdyqpWo1YOg88uOrc2GAsPnfXhIWaUKyIjXQdt4LltR4iAMgXcr1CFN+xjUmOBkAwwJ2JywUYv/uA4yZA==
  dependencies:
    long "^5.2.0"
    protobufjs "^7.0.0"
    rxjs "^7.8.0"
    undici "^5.8.1"

abitype@1.2.3, abitype@^1.2.3:
  version "1.2.3"
  resolved "https://registry.yarnpkg.com/abitype/-/abitype-1.2.3.tgz#bec3e09dea97d99ef6c719140bee663a329ad1f4"
  integrity sha512-Ofer5QUnuUdTFsBRwARMoWKOH1ND5ehwYhJ3OJ/BQO+StkwQjHw0XyVh4vDttzHB7QOFhPHa/o413PJ82gU/Tg==

dotenv@^17.2.3:
  version "17.2.3"
  resolved "https://registry.yarnpkg.com/dotenv/-/dotenv-17.2.3.tgz#ad995d6997f639b11065f419a22fabf567cdb9a2"
  integrity sha512-JVUnt+DUIzu87TABbhPmNfVdBDt18BLOWjMUFJMSi/Qqg7NTYtabbvSNJGOJ7afbRuv9D/lngizHtP7QyLQ+9w==

esbuild@~0.27.0:
  version "0.27.2"
  resolved "https://registry.yarnpkg.com/esbuild/-/esbuild-0.27.2.tgz#d83ed2154d5813a5367376bb2292a9296fc83717"
  integrity sha512-HyNQImnsOC7X9PMNaCIeAm4ISCQXs5a5YasTXVliKv4uuBo1dKrG0A+uQS8M5eXjVMnLg3WgXaKvprHlFJQffw==
  optionalDependencies:
    "@esbuild/aix-ppc64" "0.27.2"
    "@esbuild/android-arm" "0.27.2"
    "@esbuild/android-arm64" "0.27.2"
    "@esbuild/android-x64" "0.27.2"
    "@esbuild/darwin-arm64" "0.27.2"
    "@esbuild/darwin-x64" "0.27.2"
    "@esbuild/freebsd-arm64" "0.27.2"
    "@esbuild/freebsd-x64" "0.27.2"
    "@esbuild/linux-arm" "0.27.2"
    "@esbuild/linux-arm64" "0.27.2"
    "@esbuild/linux-ia32" "0.27.2"
    "@esbuild/linux-loong64" "0.27.2"
    "@esbuild/linux-mips64el" "0.27.2"
    "@esbuild/linux-ppc64" "0.27.2"
    "@esbuild/linux-riscv64" "0.27.2"
    "@esbuild/linux-s390x" "0.27.2"
    "@esbuild/linux-x64" "0.27.2"
    "@esbuild/netbsd-arm64" "0.27.2"
    "@esbuild/netbsd-x64" "0.27.2"
    "@esbuild/openbsd-arm64" "0.27.2"
    "@esbuild/openbsd-x64" "0.27.2"
    "@esbuild/openharmony-arm64" "0.27.2"
    "@esbuild/sunos-x64" "0.27.2"
    "@esbuild/win32-arm64" "0.27.2"
    "@esbuild/win32-ia32" "0.27.2"
    "@esbuild/win32-x64" "0.27.2"

eventemitter3@5.0.1:
  version "5.0.1"
  resolved "https://registry.yarnpkg.com/eventemitter3/-/eventemitter3-5.0.1.tgz#53f5ffd0a492ac800721bb42c66b841de96423c4"
  integrity sha512-GWkBvjiSZK87ELrYOSESUYeVIc9mvLLf/nXalMOS5dYrgZq9o5OVkbZAVM06CVxYsCwH9BDZFPlQTlPA1j4ahA==

fsevents@~2.3.3:
  version "2.3.3"
  resolved "https://registry.yarnpkg.com/fsevents/-/fsevents-2.3.3.tgz#cac6407785d03675a2a5e1a5305c697b347d90d6"
  integrity sha512-5xoDfX+fL7faATnagmWPpbFtwh/R77WmMMqqHGS65C3vvB0YHrgF+B1YmZ3441tMj5n63k0212XNoJwzlhffQw==

get-tsconfig@^4.7.5:
  version "4.13.0"
  resolved "https://registry.yarnpkg.com/get-tsconfig/-/get-tsconfig-4.13.0.tgz#fcdd991e6d22ab9a600f00e91c318707a5d9a0d7"
  integrity sha512-1VKTZJCwBrvbd+Wn3AOgQP/2Av+TfTCOlE4AcRJE72W1ksZXbAx8PPBR9RzgTeSPzlPMHrbANMH3LbltH73wxQ==
  dependencies:
    resolve-pkg-maps "^1.0.0"

isows@1.0.7:
  version "1.0.7"
  resolved "https://registry.yarnpkg.com/isows/-/isows-1.0.7.tgz#1c06400b7eed216fbba3bcbd68f12490fc342915"
  integrity sha512-I1fSfDCZL5P0v33sVqeTDSpcstAg/N+wF5HS033mogOVIp4B+oHC7oOCsA3axAbBSGTJ8QubbNmnIRN/h8U7hg==

long@^5.0.0, long@^5.2.0:
  version "5.3.2"
  resolved "https://registry.yarnpkg.com/long/-/long-5.3.2.tgz#1d84463095999262d7d7b7f8bfd4a8cc55167f83"
  integrity sha512-mNAgZ1GmyNhD7AuqnTG3/VQ26o760+ZYBPKjPvugO8+nLbYfX6TVpJPseBvopbdY+qpZ/lKUnmEc1LeZYS3QAA==

ox@0.11.3:
  version "0.11.3"
  resolved "https://registry.yarnpkg.com/ox/-/ox-0.11.3.tgz#f50be1cae88822f5111b1e3f4a324c4c07eed422"
  integrity sha512-1bWYGk/xZel3xro3l8WGg6eq4YEKlaqvyMtVhfMFpbJzK2F6rj4EDRtqDCWVEJMkzcmEi9uW2QxsqELokOlarw==
  dependencies:
    "@adraffy/ens-normalize" "^1.11.0"
    "@noble/ciphers" "^1.3.0"
    "@noble/curves" "1.9.1"
    "@noble/hashes" "^1.8.0"
    "@scure/bip32" "^1.7.0"
    "@scure/bip39" "^1.6.0"
    abitype "^1.2.3"
    eventemitter3 "5.0.1"

protobufjs@^7.0.0:
  version "7.5.4"
  resolved "https://registry.yarnpkg.com/protobufjs/-/protobufjs-7.5.4.tgz#885d31fe9c4b37f25d1bb600da30b1c5b37d286a"
  integrity sha512-CvexbZtbov6jW2eXAvLukXjXUW1TzFaivC46BpWc/3BpcCysb5Vffu+B3XHMm8lVEuy2Mm4XGex8hBSg1yapPg==
  dependencies:
    "@protobufjs/aspromise" "^1.1.2"
    "@protobufjs/base64" "^1.1.2"
    "@protobufjs/codegen" "^2.0.4"
    "@protobufjs/eventemitter" "^1.1.0"
    "@protobufjs/fetch" "^1.1.0"
    "@protobufjs/float" "^1.0.2"
    "@protobufjs/inquire" "^1.1.0"
    "@protobufjs/path" "^1.1.2"
    "@protobufjs/pool" "^1.1.0"
    "@protobufjs/utf8" "^1.1.0"
    "@types/node" ">=13.7.0"
    long "^5.0.0"

resolve-pkg-maps@^1.0.0:
  version "1.0.0"
  resolved "https://registry.yarnpkg.com/resolve-pkg-maps/-/resolve-pkg-maps-1.0.0.tgz#616b3dc2c57056b5588c31cdf4b3d64db133720f"
  integrity sha512-seS2Tj26TBVOC2NIc2rOe2y2ZO7efxITtLZcGSOnHHNOQ7CkiUBfw0Iw2ck6xkIhPwLhKNLS8BO+hEpngQlqzw==

rxjs@^7.8.0:
  version "7.8.2"
  resolved "https://registry.yarnpkg.com/rxjs/-/rxjs-7.8.2.tgz#955bc473ed8af11a002a2be52071bf475638607b"
  integrity sha512-dhKf903U/PQZY6boNNtAGdWbG85WAbjT/1xYoZIC7FAY0yWapOBQVsVrDl58W86//e1VpMNBtRV4MaXfdMySFA==
  dependencies:
    tslib "^2.1.0"

tslib@^2.1.0:
  version "2.8.1"
  resolved "https://registry.yarnpkg.com/tslib/-/tslib-2.8.1.tgz#612efe4ed235d567e8aba5f2a5fab70280ade83f"
  integrity sha512-oJFu94HQb+KVduSUQL7wnpmqnfmLsOA/nAh6b6EH0wCEoK0/mPeXU6c3wKDV83MkOuHPRHtSXKKU99IBazS/2w==

tsx@^4.19.3:
  version "4.21.0"
  resolved "https://registry.yarnpkg.com/tsx/-/tsx-4.21.0.tgz#32aa6cf17481e336f756195e6fe04dae3e6308b1"
  integrity sha512-5C1sg4USs1lfG0GFb2RLXsdpXqBSEhAaA/0kPL01wxzpMqLILNxIxIOKiILz+cdg/pLnOUxFYOR5yhHU666wbw==
  dependencies:
    esbuild "~0.27.0"
    get-tsconfig "^4.7.5"
  optionalDependencies:
    fsevents "~2.3.3"

typescript@^5.7.3:
  version "5.9.3"
  resolved "https://registry.yarnpkg.com/typescript/-/typescript-5.9.3.tgz#5b4f59e15310ab17a216f5d6cf53ee476ede670f"
  integrity sha512-jl1vZzPDinLr9eUt3J/t7V6FgNEw9QjvBPdysz9KfQDD41fQrC2Y4vKQdiaUpFT4bXlb1RHhLpp8wtm6M5TgSw==

undici-types@~7.16.0:
  version "7.16.0"
  resolved "https://registry.yarnpkg.com/undici-types/-/undici-types-7.16.0.tgz#ffccdff36aea4884cbfce9a750a0580224f58a46"
  integrity sha512-Zz+aZWSj8LE6zoxD+xrjh4VfkIG8Ya6LvYkZqtUQGJPZjYl53ypCaUwWqo7eI0x66KBGeRo+mlBEkMSeSZ38Nw==

undici@^5.8.1:
  version "5.29.0"
  resolved "https://registry.yarnpkg.com/undici/-/undici-5.29.0.tgz#419595449ae3f2cdcba3580a2e8903399bd1f5a3"
  integrity sha512-raqeBD6NQK4SkWhQzeYKd1KmIG6dllBOTt55Rmkt4HtI9mwdWtJljnrXjAFUBLTSN67HWrOIZ3EPF4kjUw80Bg==
  dependencies:
    "@fastify/busboy" "^2.0.0"

viem@^2.37.6:
  version "2.44.2"
  resolved "https://registry.yarnpkg.com/viem/-/viem-2.44.2.tgz#602798baa22338a4bc4790ca103facfbb2d8979d"
  integrity sha512-nHY872t/T3flLpVsnvQT/89bwbrJwxaL917FDv7Oxy4E5FWIFkokRQOKXG3P+hgl30QYVZxi9o2SUHLnebycxw==
  dependencies:
    "@noble/curves" "1.9.1"
    "@noble/hashes" "1.8.0"
    "@scure/bip32" "1.7.0"
    "@scure/bip39" "1.6.0"
    abitype "1.2.3"
    isows "1.0.7"
    ox "0.11.3"
    ws "8.18.3"

ws@8.18.3:
  version "8.18.3"
  resolved "https://registry.yarnpkg.com/ws/-/ws-8.18.3.tgz#b56b88abffde62791c639170400c93dcb0c95472"
  integrity sha512-PEIGCY5tSlUt50cqyMXfCzX+oOPqN0vuGqWzbcJ2xvnkzkq46oOpz7dQaTDBdfICb4N14+GARUDw2XV2N4tvzg==
