# THIS IS AN AUTOGENERATED FILE. DO NOT EDIT THIS FILE DIRECTLY.
# yarn lockfile v1


"@adraffy/ens-normalize@^1.11.0":
  version "1.11.0"
  resolved "https://registry.yarnpkg.com/@adraffy/ens-normalize/-/ens-normalize-1.11.0.tgz#42cc67c5baa407ac25059fcd7d405cc5ecdb0c33"
  integrity sha512-/3DDPKHqqIqxUULp8yP4zODUY1i+2xvVWsv8A79xGWdCAG+8sb0hRh0Rk2QyOJUnnbyPUAZYcpBuRe3nS2OIUg==

"@esbuild/aix-ppc64@0.25.8":
  version "0.25.8"
  resolved "https://registry.yarnpkg.com/@esbuild/aix-ppc64/-/aix-ppc64-0.25.8.tgz#a1414903bb38027382f85f03dda6065056757727"
  integrity sha512-urAvrUedIqEiFR3FYSLTWQgLu5tb+m0qZw0NBEasUeo6wuqatkMDaRT+1uABiGXEu5vqgPd7FGE1BhsAIy9QVA==

"@esbuild/android-arm64@0.25.8":
  version "0.25.8"
  resolved "https://registry.yarnpkg.com/@esbuild/android-arm64/-/android-arm64-0.25.8.tgz#c859994089e9767224269884061f89dae6fb51c6"
  integrity sha512-OD3p7LYzWpLhZEyATcTSJ67qB5D+20vbtr6vHlHWSQYhKtzUYrETuWThmzFpZtFsBIxRvhO07+UgVA9m0i/O1w==

"@esbuild/android-arm@0.25.8":
  version "0.25.8"
  resolved "https://registry.yarnpkg.com/@esbuild/android-arm/-/android-arm-0.25.8.tgz#96a8f2ca91c6cd29ea90b1af79d83761c8ba0059"
  integrity sha512-RONsAvGCz5oWyePVnLdZY/HHwA++nxYWIX1atInlaW6SEkwq6XkP3+cb825EUcRs5Vss/lGh/2YxAb5xqc07Uw==

"@esbuild/android-x64@0.25.8":
  version "0.25.8"
  resolved "https://registry.yarnpkg.com/@esbuild/android-x64/-/android-x64-0.25.8.tgz#a3a626c4fec4a024a9fa8c7679c39996e92916f0"
  integrity sha512-yJAVPklM5+4+9dTeKwHOaA+LQkmrKFX96BM0A/2zQrbS6ENCmxc4OVoBs5dPkCCak2roAD+jKCdnmOqKszPkjA==

"@esbuild/darwin-arm64@0.25.8":
  version "0.25.8"
  resolved "https://registry.yarnpkg.com/@esbuild/darwin-arm64/-/darwin-arm64-0.25.8.tgz#a5e1252ca2983d566af1c0ea39aded65736fc66d"
  integrity sha512-Jw0mxgIaYX6R8ODrdkLLPwBqHTtYHJSmzzd+QeytSugzQ0Vg4c5rDky5VgkoowbZQahCbsv1rT1KW72MPIkevw==

"@esbuild/darwin-x64@0.25.8":
  version "0.25.8"
  resolved "https://registry.yarnpkg.com/@esbuild/darwin-x64/-/darwin-x64-0.25.8.tgz#5271b0df2bb12ce8df886704bfdd1c7cc01385d2"
  integrity sha512-Vh2gLxxHnuoQ+GjPNvDSDRpoBCUzY4Pu0kBqMBDlK4fuWbKgGtmDIeEC081xi26PPjn+1tct+Bh8FjyLlw1Zlg==

"@esbuild/freebsd-arm64@0.25.8":
  version "0.25.8"
  resolved "https://registry.yarnpkg.com/@esbuild/freebsd-arm64/-/freebsd-arm64-0.25.8.tgz#d0a0e7fdf19733b8bb1566b81df1aa0bb7e46ada"
  integrity sha512-YPJ7hDQ9DnNe5vxOm6jaie9QsTwcKedPvizTVlqWG9GBSq+BuyWEDazlGaDTC5NGU4QJd666V0yqCBL2oWKPfA==

"@esbuild/freebsd-x64@0.25.8":
  version "0.25.8"
  resolved "https://registry.yarnpkg.com/@esbuild/freebsd-x64/-/freebsd-x64-0.25.8.tgz#2de8b2e0899d08f1cb1ef3128e159616e7e85343"
  integrity sha512-MmaEXxQRdXNFsRN/KcIimLnSJrk2r5H8v+WVafRWz5xdSVmWLoITZQXcgehI2ZE6gioE6HirAEToM/RvFBeuhw==

"@esbuild/linux-arm64@0.25.8":
  version "0.25.8"
  resolved "https://registry.yarnpkg.com/@esbuild/linux-arm64/-/linux-arm64-0.25.8.tgz#a4209efadc0c2975716458484a4e90c237c48ae9"
  integrity sha512-WIgg00ARWv/uYLU7lsuDK00d/hHSfES5BzdWAdAig1ioV5kaFNrtK8EqGcUBJhYqotlUByUKz5Qo6u8tt7iD/w==

"@esbuild/linux-arm@0.25.8":
  version "0.25.8"
  resolved "https://registry.yarnpkg.com/@esbuild/linux-arm/-/linux-arm-0.25.8.tgz#ccd9e291c24cd8d9142d819d463e2e7200d25b19"
  integrity sha512-FuzEP9BixzZohl1kLf76KEVOsxtIBFwCaLupVuk4eFVnOZfU+Wsn+x5Ryam7nILV2pkq2TqQM9EZPsOBuMC+kg==

"@esbuild/linux-ia32@0.25.8":
  version "0.25.8"
  resolved "https://registry.yarnpkg.com/@esbuild/linux-ia32/-/linux-ia32-0.25.8.tgz#006ad1536d0c2b28fb3a1cf0b53bcb85aaf92c4d"
  integrity sha512-A1D9YzRX1i+1AJZuFFUMP1E9fMaYY+GnSQil9Tlw05utlE86EKTUA7RjwHDkEitmLYiFsRd9HwKBPEftNdBfjg==

"@esbuild/linux-loong64@0.25.8":
  version "0.25.8"
  resolved "https://registry.yarnpkg.com/@esbuild/linux-loong64/-/linux-loong64-0.25.8.tgz#127b3fbfb2c2e08b1397e985932f718f09a8f5c4"
  integrity sha512-O7k1J/dwHkY1RMVvglFHl1HzutGEFFZ3kNiDMSOyUrB7WcoHGf96Sh+64nTRT26l3GMbCW01Ekh/ThKM5iI7hQ==

"@esbuild/linux-mips64el@0.25.8":
  version "0.25.8"
  resolved "https://registry.yarnpkg.com/@esbuild/linux-mips64el/-/linux-mips64el-0.25.8.tgz#837d1449517791e3fa7d82675a2d06d9f56cb340"
  integrity sha512-uv+dqfRazte3BzfMp8PAQXmdGHQt2oC/y2ovwpTteqrMx2lwaksiFZ/bdkXJC19ttTvNXBuWH53zy/aTj1FgGw==

"@esbuild/linux-ppc64@0.25.8":
  version "0.25.8"
  resolved "https://registry.yarnpkg.com/@esbuild/linux-ppc64/-/linux-ppc64-0.25.8.tgz#aa2e3bd93ab8df084212f1895ca4b03c42d9e0fe"
  integrity sha512-GyG0KcMi1GBavP5JgAkkstMGyMholMDybAf8wF5A70CALlDM2p/f7YFE7H92eDeH/VBtFJA5MT4nRPDGg4JuzQ==

"@esbuild/linux-riscv64@0.25.8":
  version "0.25.8"
  resolved "https://registry.yarnpkg.com/@esbuild/linux-riscv64/-/linux-riscv64-0.25.8.tgz#a340620e31093fef72767dd28ab04214b3442083"
  integrity sha512-rAqDYFv3yzMrq7GIcen3XP7TUEG/4LK86LUPMIz6RT8A6pRIDn0sDcvjudVZBiiTcZCY9y2SgYX2lgK3AF+1eg==

"@esbuild/linux-s390x@0.25.8":
  version "0.25.8"
  resolved "https://registry.yarnpkg.com/@esbuild/linux-s390x/-/linux-s390x-0.25.8.tgz#ddfed266c8c13f5efb3105a0cd47f6dcd0e79e71"
  integrity sha512-Xutvh6VjlbcHpsIIbwY8GVRbwoviWT19tFhgdA7DlenLGC/mbc3lBoVb7jxj9Z+eyGqvcnSyIltYUrkKzWqSvg==

"@esbuild/linux-x64@0.25.8":
  version "0.25.8"
  resolved "https://registry.yarnpkg.com/@esbuild/linux-x64/-/linux-x64-0.25.8.tgz#9a4f78c75c051e8c060183ebb39a269ba936a2ac"
  integrity sha512-ASFQhgY4ElXh3nDcOMTkQero4b1lgubskNlhIfJrsH5OKZXDpUAKBlNS0Kx81jwOBp+HCeZqmoJuihTv57/jvQ==

"@esbuild/netbsd-arm64@0.25.8":
  version "0.25.8"
  resolved "https://registry.yarnpkg.com/@esbuild/netbsd-arm64/-/netbsd-arm64-0.25.8.tgz#902c80e1d678047926387230bc037e63e00697d0"
  integrity sha512-d1KfruIeohqAi6SA+gENMuObDbEjn22olAR7egqnkCD9DGBG0wsEARotkLgXDu6c4ncgWTZJtN5vcgxzWRMzcw==

"@esbuild/netbsd-x64@0.25.8":
  version "0.25.8"
  resolved "https://registry.yarnpkg.com/@esbuild/netbsd-x64/-/netbsd-x64-0.25.8.tgz#2d9eb4692add2681ff05a14ce99de54fbed7079c"
  integrity sha512-nVDCkrvx2ua+XQNyfrujIG38+YGyuy2Ru9kKVNyh5jAys6n+l44tTtToqHjino2My8VAY6Lw9H7RI73XFi66Cg==

"@esbuild/openbsd-arm64@0.25.8":
  version "0.25.8"
  resolved "https://registry.yarnpkg.com/@esbuild/openbsd-arm64/-/openbsd-arm64-0.25.8.tgz#89c3b998c6de739db38ab7fb71a8a76b3fa84a45"
  integrity sha512-j8HgrDuSJFAujkivSMSfPQSAa5Fxbvk4rgNAS5i3K+r8s1X0p1uOO2Hl2xNsGFppOeHOLAVgYwDVlmxhq5h+SQ==

"@esbuild/openbsd-x64@0.25.8":
  version "0.25.8"
  resolved "https://registry.yarnpkg.com/@esbuild/openbsd-x64/-/openbsd-x64-0.25.8.tgz#2f01615cf472b0e48c077045cfd96b5c149365cc"
  integrity sha512-1h8MUAwa0VhNCDp6Af0HToI2TJFAn1uqT9Al6DJVzdIBAd21m/G0Yfc77KDM3uF3T/YaOgQq3qTJHPbTOInaIQ==

"@esbuild/openharmony-arm64@0.25.8":
  version "0.25.8"
  resolved "https://registry.yarnpkg.com/@esbuild/openharmony-arm64/-/openharmony-arm64-0.25.8.tgz#a201f720cd2c3ebf9a6033fcc3feb069a54b509a"
  integrity sha512-r2nVa5SIK9tSWd0kJd9HCffnDHKchTGikb//9c7HX+r+wHYCpQrSgxhlY6KWV1nFo1l4KFbsMlHk+L6fekLsUg==

"@esbuild/sunos-x64@0.25.8":
  version "0.25.8"
  resolved "https://registry.yarnpkg.com/@esbuild/sunos-x64/-/sunos-x64-0.25.8.tgz#07046c977985a3334667f19e6ab3a01a80862afb"
  integrity sha512-zUlaP2S12YhQ2UzUfcCuMDHQFJyKABkAjvO5YSndMiIkMimPmxA+BYSBikWgsRpvyxuRnow4nS5NPnf9fpv41w==

"@esbuild/win32-arm64@0.25.8":
  version "0.25.8"
  resolved "https://registry.yarnpkg.com/@esbuild/win32-arm64/-/win32-arm64-0.25.8.tgz#4a5470caf0d16127c05d4833d4934213c69392d1"
  integrity sha512-YEGFFWESlPva8hGL+zvj2z/SaK+pH0SwOM0Nc/d+rVnW7GSTFlLBGzZkuSU9kFIGIo8q9X3ucpZhu8PDN5A2sQ==

"@esbuild/win32-ia32@0.25.8":
  version "0.25.8"
  resolved "https://registry.yarnpkg.com/@esbuild/win32-ia32/-/win32-ia32-0.25.8.tgz#3de3e8470b7b328d99dbc3e9ec1eace207e5bbc4"
  integrity sha512-hiGgGC6KZ5LZz58OL/+qVVoZiuZlUYlYHNAmczOm7bs2oE1XriPFi5ZHHrS8ACpV5EjySrnoCKmcbQMN+ojnHg==

"@esbuild/win32-x64@0.25.8":
  version "0.25.8"
  resolved "https://registry.yarnpkg.com/@esbuild/win32-x64/-/win32-x64-0.25.8.tgz#610d7ea539d2fcdbe39237b5cc175eb2c4451f9c"
  integrity sha512-cn3Yr7+OaaZq1c+2pe+8yxC8E144SReCQjN6/2ynubzYjvyqZjTXfQJpAcQpsdJq3My7XADANiYGHoFC69pLQw==

"@fastify/busboy@^2.0.0":
  version "2.1.1"
  resolved "https://registry.yarnpkg.com/@fastify/busboy/-/busboy-2.1.1.tgz#b9da6a878a371829a0502c9b6c1c143ef6663f4d"
  integrity sha512-vBZP4NlzfOlerQTnba4aqZoMhE/a9HY7HRqoOPaETQcSQuWEIyZMHGfVu6w9wGtGK5fED5qRs2DteVCjOH60sA==

"@noble/ciphers@^1.3.0":
  version "1.3.0"
  resolved "https://registry.yarnpkg.com/@noble/ciphers/-/ciphers-1.3.0.tgz#f64b8ff886c240e644e5573c097f86e5b43676dc"
  integrity sha512-2I0gnIVPtfnMw9ee9h1dJG7tp81+8Ob3OJb3Mv37rx5L40/b0i7djjCVvGOVqc9AEIQyvyu1i6ypKdFw8R8gQw==

"@noble/curves@1.9.1":
  version "1.9.1"
  resolved "https://registry.yarnpkg.com/@noble/curves/-/curves-1.9.1.tgz#9654a0bc6c13420ae252ddcf975eaf0f58f0a35c"
  integrity sha512-k11yZxZg+t+gWvBbIswW0yoJlu8cHOC7dhunwOzoWH/mXGBiYyR4YY6hAEK/3EUs4UpB8la1RfdRpeGsFHkWsA==
  dependencies:
    "@noble/hashes" "1.8.0"

"@noble/curves@~1.9.0":
  version "1.9.4"
  resolved "https://registry.yarnpkg.com/@noble/curves/-/curves-1.9.4.tgz#a748c6837ee7854a558cc3b951aedd87a5e7d6a5"
  integrity sha512-2bKONnuM53lINoDrSmK8qP8W271ms7pygDhZt4SiLOoLwBtoHqeCFi6RG42V8zd3mLHuJFhU/Bmaqo4nX0/kBw==
  dependencies:
    "@noble/hashes" "1.8.0"

"@noble/hashes@1.8.0", "@noble/hashes@^1.8.0", "@noble/hashes@~1.8.0":
  version "1.8.0"
  resolved "https://registry.yarnpkg.com/@noble/hashes/-/hashes-1.8.0.tgz#cee43d801fcef9644b11b8194857695acd5f815a"
  integrity sha512-jCs9ldd7NwzpgXDIf6P3+NrHh9/sD6CQdxHyjQI+h/6rDNo88ypBxxz45UDuZHz9r3tNz7N/VInSVoVdtXEI4A==

"@noble/secp256k1@^2.2.3":
  version "2.3.0"
  resolved "https://registry.yarnpkg.com/@noble/secp256k1/-/secp256k1-2.3.0.tgz#ddfe6e853472fb88cba4d5e59b7067adc1e64adf"
  integrity sha512-0TQed2gcBbIrh7Ccyw+y/uZQvbJwm7Ao4scBUxqpBCcsOlZG0O4KGfjtNAy/li4W8n1xt3dxrwJ0beZ2h2G6Kw==

"@protobufjs/aspromise@^1.1.1", "@protobufjs/aspromise@^1.1.2":
  version "1.1.2"
  resolved "https://registry.yarnpkg.com/@protobufjs/aspromise/-/aspromise-1.1.2.tgz#9b8b0cc663d669a7d8f6f5d0893a14d348f30fbf"
  integrity sha512-j+gKExEuLmKwvz3OgROXtrJ2UG2x8Ch2YZUxahh+s1F2HZ+wAceUNLkvy6zKCPVRkU++ZWQrdxsUeQXmcg4uoQ==

"@protobufjs/base64@^1.1.2":
  version "1.1.2"
  resolved "https://registry.yarnpkg.com/@protobufjs/base64/-/base64-1.1.2.tgz#4c85730e59b9a1f1f349047dbf24296034bb2735"
  integrity sha512-AZkcAA5vnN/v4PDqKyMR5lx7hZttPDgClv83E//FMNhR2TMcLUhfRUBHCmSl0oi9zMgDDqRUJkSxO3wm85+XLg==

"@protobufjs/codegen@^2.0.4":
  version "2.0.4"
  resolved "https://registry.yarnpkg.com/@protobufjs/codegen/-/codegen-2.0.4.tgz#7ef37f0d010fb028ad1ad59722e506d9262815cb"
  integrity sha512-YyFaikqM5sH0ziFZCN3xDC7zeGaB/d0IUb9CATugHWbd1FRFwWwt4ld4OYMPWu5a3Xe01mGAULCdqhMlPl29Jg==

"@protobufjs/eventemitter@^1.1.0":
  version "1.1.0"
  resolved "https://registry.yarnpkg.com/@protobufjs/eventemitter/-/eventemitter-1.1.0.tgz#355cbc98bafad5978f9ed095f397621f1d066b70"
  integrity sha512-j9ednRT81vYJ9OfVuXG6ERSTdEL1xVsNgqpkxMsbIabzSo3goCjDIveeGv5d03om39ML71RdmrGNjG5SReBP/Q==

"@protobufjs/fetch@^1.1.0":
  version "1.1.0"
  resolved "https://registry.yarnpkg.com/@protobufjs/fetch/-/fetch-1.1.0.tgz#ba99fb598614af65700c1619ff06d454b0d84c45"
  integrity sha512-lljVXpqXebpsijW71PZaCYeIcE5on1w5DlQy5WH6GLbFryLUrBD4932W/E2BSpfRJWseIL4v/KPgBFxDOIdKpQ==
  dependencies:
    "@protobufjs/aspromise" "^1.1.1"
    "@protobufjs/inquire" "^1.1.0"

"@protobufjs/float@^1.0.2":
  version "1.0.2"
  resolved "https://registry.yarnpkg.com/@protobufjs/float/-/float-1.0.2.tgz#5e9e1abdcb73fc0a7cb8b291df78c8cbd97b87d1"
  integrity sha512-Ddb+kVXlXst9d+R9PfTIxh1EdNkgoRe5tOX6t01f1lYWOvJnSPDBlG241QLzcyPdoNTsblLUdujGSE4RzrTZGQ==

"@protobufjs/inquire@^1.1.0":
  version "1.1.0"
  resolved "https://registry.yarnpkg.com/@protobufjs/inquire/-/inquire-1.1.0.tgz#ff200e3e7cf2429e2dcafc1140828e8cc638f089"
  integrity sha512-kdSefcPdruJiFMVSbn801t4vFK7KB/5gd2fYvrxhuJYg8ILrmn9SKSX2tZdV6V+ksulWqS7aXjBcRXl3wHoD9Q==

"@protobufjs/path@^1.1.2":
  version "1.1.2"
  resolved "https://registry.yarnpkg.com/@protobufjs/path/-/path-1.1.2.tgz#6cc2b20c5c9ad6ad0dccfd21ca7673d8d7fbf68d"
  integrity sha512-6JOcJ5Tm08dOHAbdR3GrvP+yUUfkjG5ePsHYczMFLq3ZmMkAD98cDgcT2iA1lJ9NVwFd4tH/iSSoe44YWkltEA==

"@protobufjs/pool@^1.1.0":
  version "1.1.0"
  resolved "https://registry.yarnpkg.com/@protobufjs/pool/-/pool-1.1.0.tgz#09fd15f2d6d3abfa9b65bc366506d6ad7846ff54"
  integrity sha512-0kELaGSIDBKvcgS4zkjz1PeddatrjYcmMWOlAuAPwAeccUrPHdUqo/J6LiymHHEiJT5NrF1UVwxY14f+fy4WQw==

"@protobufjs/utf8@^1.1.0":
  version "1.1.0"
  resolved "https://registry.yarnpkg.com/@protobufjs/utf8/-/utf8-1.1.0.tgz#a777360b5b39a1a2e5106f8e858f2fd2d060c570"
  integrity sha512-Vvn3zZrhQZkkBE8LSuW3em98c0FwgO4nxzv6OdSxPKJIEKY2bGbHn+mhGIPerzI4twdxaP8/0+06HBpwf345Lw==

"@scure/base@~1.2.5":
  version "1.2.6"
  resolved "https://registry.yarnpkg.com/@scure/base/-/base-1.2.6.tgz#ca917184b8231394dd8847509c67a0be522e59f6"
  integrity sha512-g/nm5FgUa//MCj1gV09zTJTaM6KBAHqLN907YVQqf7zC49+DcO4B1so4ZX07Ef10Twr6nuqYEH9GEggFXA4Fmg==

"@scure/bip32@1.7.0", "@scure/bip32@^1.7.0":
  version "1.7.0"
  resolved "https://registry.yarnpkg.com/@scure/bip32/-/bip32-1.7.0.tgz#b8683bab172369f988f1589640e53c4606984219"
  integrity sha512-E4FFX/N3f4B80AKWp5dP6ow+flD1LQZo/w8UnLGYZO674jS6YnYeepycOOksv+vLPSpgN35wgKgy+ybfTb2SMw==
  dependencies:
    "@noble/curves" "~1.9.0"
    "@noble/hashes" "~1.8.0"
    "@scure/base" "~1.2.5"

"@scure/bip39@1.6.0", "@scure/bip39@^1.6.0":
  version "1.6.0"
  resolved "https://registry.yarnpkg.com/@scure/bip39/-/bip39-1.6.0.tgz#475970ace440d7be87a6086cbee77cb8f1a684f9"
  integrity sha512-+lF0BbLiJNwVlev4eKelw1WWLaiKXw7sSl8T6FvBlWkdX+94aGJ4o8XjUdlyhTCjd8c+B3KT3JfS8P0bLRNU6A==
  dependencies:
    "@noble/hashes" "~1.8.0"
    "@scure/base" "~1.2.5"

"@types/node@>=13.7.0":
  version "24.1.0"
  resolved "https://registry.yarnpkg.com/@types/node/-/node-24.1.0.tgz#0993f7dc31ab5cc402d112315b463e383d68a49c"
  integrity sha512-ut5FthK5moxFKH2T1CUOC6ctR67rQRvvHdFLCD2Ql6KXmMuCrjsSsRI9UsLCm9M18BMwClv4pn327UvB7eeO1w==
  dependencies:
    undici-types "~7.8.0"

"@types/node@^20.14.2":
  version "20.19.9"
  resolved "https://registry.yarnpkg.com/@types/node/-/node-20.19.9.tgz#ca9a58193fec361cc6e859d88b52261853f1f0d3"
  integrity sha512-cuVNgarYWZqxRJDQHEB58GEONhOK79QVR/qYx4S7kcUObQvUwvFnYxJuuHUKm2aieN9X3yZB4LZsuYNU1Qphsw==
  dependencies:
    undici-types "~6.21.0"

"@xmtp/agent-sdk@^0.0.9":
  version "0.0.9"
  resolved "https://registry.yarnpkg.com/@xmtp/agent-sdk/-/agent-sdk-0.0.9.tgz#5b5e4b36d3b176e1d2e7c2bed801e2040c0c3733"
  integrity sha512-GXJuPjqsCWFr7HNc+1ZAyda0Y/4aWOD3Kt8RDpaHwRjyhWLBr0EvOMW0mEFIEy2GPLiwVZIxGpLzrT8XgxFaTg==
  dependencies:
    "@xmtp/content-type-reaction" "^2.0.2"
    "@xmtp/content-type-remote-attachment" "^2.0.2"
    "@xmtp/content-type-reply" "^2.0.2"
    "@xmtp/content-type-text" "^2.0.2"
    "@xmtp/node-sdk" "^4.1.0"
    uint8arrays "^5.1.0"
    viem "^2.31.7"

"@xmtp/content-type-group-updated@^2.0.2":
  version "2.0.2"
  resolved "https://registry.yarnpkg.com/@xmtp/content-type-group-updated/-/content-type-group-updated-2.0.2.tgz#b664fd096a14245c3164bd35a5db77240de6c7d4"
  integrity sha512-ZUGLtzWALo5jimk5hYBVXjbdaKT6zP6a9wK0Urzl9H+Xv2w+H3fYDhwAidU0PXTcLL81qlUM6joxKVlsF5udvA==
  dependencies:
    "@xmtp/content-type-primitives" "^2.0.2"
    "@xmtp/proto" "^3.78.0"

"@xmtp/content-type-primitives@^2.0.2":
  version "2.0.2"
  resolved "https://registry.yarnpkg.com/@xmtp/content-type-primitives/-/content-type-primitives-2.0.2.tgz#cfd6f9fc2b7d7ba1cb0d21325cb0e99458988602"
  integrity sha512-OTUsCD48sO2Eg69dfre32OSnXSkmefbSZA4L0S58LqYK6+hMymFRRjEH4fvPzXc9WCw5FmCYEG7DFAaB680HiQ==
  dependencies:
    "@xmtp/proto" "^3.78.0"

"@xmtp/content-type-reaction@^2.0.2":
  version "2.0.2"
  resolved "https://registry.yarnpkg.com/@xmtp/content-type-reaction/-/content-type-reaction-2.0.2.tgz#b0dfd0e201275cf2531bbc44300386685355dbb8"
  integrity sha512-v7wGMycSsUi8NyLR+ytjDhNY4Nr4p8qNwKx8LZPlA8IwLacq2Bp2vKxlOAnGX7m5XP9ivpBNNZvkpR5Limvz1g==
  dependencies:
    "@xmtp/content-type-primitives" "^2.0.2"

"@xmtp/content-type-remote-attachment@^2.0.2":
  version "2.0.2"
  resolved "https://registry.yarnpkg.com/@xmtp/content-type-remote-attachment/-/content-type-remote-attachment-2.0.2.tgz#be701082e4a6af363707d2cb69b8ab21c6f149bb"
  integrity sha512-gV2yU6UWsLQcJ228B7jOvtzUyK/+TfG0EUevxbz3OUuWpVpoo110qAa3HWUlahL1fWuaoFSX9GmESyw2UJWAQw==
  dependencies:
    "@noble/secp256k1" "^2.2.3"
    "@xmtp/content-type-primitives" "^2.0.2"
    "@xmtp/proto" "^3.78.0"

"@xmtp/content-type-reply@^2.0.2":
  version "2.0.2"
  resolved "https://registry.yarnpkg.com/@xmtp/content-type-reply/-/content-type-reply-2.0.2.tgz#ba37e31b4be031525031fa7389933728a239faf7"
  integrity sha512-tks5WEevzOzUTmpvpJjxLH5jil3cHSddWgS5MPfm8bGU5hCUfy8uojlVaFEUbBBjpDVwU1o++SW5h5HggHKsgg==
  dependencies:
    "@xmtp/content-type-primitives" "^2.0.2"
    "@xmtp/proto" "^3.78.0"

"@xmtp/content-type-text@^2.0.2":
  version "2.0.2"
  resolved "https://registry.yarnpkg.com/@xmtp/content-type-text/-/content-type-text-2.0.2.tgz#dbfde0e5840cd178a18b7ca618b10813e4175820"
  integrity sha512-nlRufOYPrG5sNbruNPCsb6Qk9/jmJ5lMooPsZEo4Dbwda/2S4bSvrrIncT6if7M2SCha3hxtlgJlFGeTtHy4gQ==
  dependencies:
    "@xmtp/content-type-primitives" "^2.0.2"

"@xmtp/node-bindings@1.4.0":
  version "1.4.0"
  resolved "https://registry.yarnpkg.com/@xmtp/node-bindings/-/node-bindings-1.4.0.tgz#aee7da306cf5edf2dbd5bbb81b5a9d1f121e2e75"
  integrity sha512-NfpbDc0gdhDY+5x1gxlv3I/5EtGLuwfkQszy08HXQHCchFrdpyA3NcnM9C2OQK7992H7f+bGEUlzaRze6Iqrbw==

"@xmtp/node-sdk@^4.1.0":
  version "4.1.0"
  resolved "https://registry.yarnpkg.com/@xmtp/node-sdk/-/node-sdk-4.1.0.tgz#5a4c987255e973d448820dcba3c99b590ef49485"
  integrity sha512-tDXrwVnxUzyrjlmFE9FuBpR2j8OtE4hrDMLdBpEvoTjMHvWiPyzaxHoE8FZLOaSoW/zwncGHLH0VE59j7PQx+g==
  dependencies:
    "@xmtp/content-type-group-updated" "^2.0.2"
    "@xmtp/content-type-primitives" "^2.0.2"
    "@xmtp/content-type-text" "^2.0.2"
    "@xmtp/node-bindings" "1.4.0"

"@xmtp/proto@^3.78.0":
  version "3.86.0"
  resolved "https://registry.yarnpkg.com/@xmtp/proto/-/proto-3.86.0.tgz#760bef5f43f26f904d1d03d4486d8af5e7672543"
  integrity sha512-prwmmQNz+qIf36nTCDOZsyo6S9cMnVRpj5P0UYwrpSSsvRpeN+Lt9ZNugL2egtCCqZUZf8cYamNhtO6kPqIq9g==
  dependencies:
    long "^5.2.0"
    protobufjs "^7.0.0"
    rxjs "^7.8.0"
    undici "^5.8.1"

abitype@1.1.0, abitype@^1.0.9:
  version "1.1.0"
  resolved "https://registry.yarnpkg.com/abitype/-/abitype-1.1.0.tgz#510c5b3f92901877977af5e864841f443bf55406"
  integrity sha512-6Vh4HcRxNMLA0puzPjM5GBgT4aAcFGKZzSgAXvuZ27shJP6NEpielTuqbBmZILR5/xd0PizkBGy5hReKz9jl5A==

ansi-regex@^5.0.1:
  version "5.0.1"
  resolved "https://registry.yarnpkg.com/ansi-regex/-/ansi-regex-5.0.1.tgz#082cb2c89c9fe8659a311a53bd6a4dc5301db304"
  integrity sha512-quJQXlTSUGL2LH9SUXo8VwsY4soanhgo6LNSm84E1LBcE8s3O0wpdiRzyR9z/ZZJMlMWv37qOOb9pdJlMUEKFQ==

ansi-styles@^4.0.0, ansi-styles@^4.1.0:
  version "4.3.0"
  resolved "https://registry.yarnpkg.com/ansi-styles/-/ansi-styles-4.3.0.tgz#edd803628ae71c04c85ae7a0906edad34b648937"
  integrity sha512-zbB9rCJAT1rbjiVDb2hqKFHNYLxgtk8NURxZ3IZwD3F6NtxbXZQCnnSi1Lkx+IDohdPlFp222wVALIheZJQSEg==
  dependencies:
    color-convert "^2.0.1"

chalk@^4.1.2:
  version "4.1.2"
  resolved "https://registry.yarnpkg.com/chalk/-/chalk-4.1.2.tgz#aac4e2b7734a740867aeb16bf02aad556a1e7a01"
  integrity sha512-oKnbhFyRIXpUuez8iBMmyEa4nbj4IOQyuhc/wy9kY7/WVPcwIO9VA668Pu8RkO7+0G76SLROeyw9CpQ061i4mA==
  dependencies:
    ansi-styles "^4.1.0"
    supports-color "^7.1.0"

cliui@^8.0.1:
  version "8.0.1"
  resolved "https://registry.yarnpkg.com/cliui/-/cliui-8.0.1.tgz#0c04b075db02cbfe60dc8e6cf2f5486b1a3608aa"
  integrity sha512-BSeNnyus75C4//NQ9gQt1/csTXyo/8Sb+afLAkzAptFuMsod9HFokGNudZpi/oQV73hnVK+sR+5PVRMd+Dr7YQ==
  dependencies:
    string-width "^4.2.0"
    strip-ansi "^6.0.1"
    wrap-ansi "^7.0.0"

color-convert@^2.0.1:
  version "2.0.1"
  resolved "https://registry.yarnpkg.com/color-convert/-/color-convert-2.0.1.tgz#72d3a68d598c9bdb3af2ad1e84f21d896abd4de3"
  integrity sha512-RRECPsj7iu/xb5oKYcsFHSppFNnsj/52OVTRKb4zP5onXwVF3zVmmToNcOfGC+CRDpfK/U584fMg38ZHCaElKQ==
  dependencies:
    color-name "~1.1.4"

color-name@~1.1.4:
  version "1.1.4"
  resolved "https://registry.yarnpkg.com/color-name/-/color-name-1.1.4.tgz#c2a09a87acbde69543de6f63fa3995c826c536a2"
  integrity sha512-dOy+3AuW3a2wNbZHIuMZpTcgjGuLU/uBL/ubcZF9OXbDo8ff4O8yVp5Bf0efS8uEoYo5q4Fx7dY9OgQGXgAsQA==

concurrently@^9.2.0:
  version "9.2.0"
  resolved "https://registry.yarnpkg.com/concurrently/-/concurrently-9.2.0.tgz#233e3892ceb0b5db9fd49e9c8c739737a7b638b5"
  integrity sha512-IsB/fiXTupmagMW4MNp2lx2cdSN2FfZq78vF90LBB+zZHArbIQZjQtzXCiXnvTxCZSvXanTqFLWBjw2UkLx1SQ==
  dependencies:
    chalk "^4.1.2"
    lodash "^4.17.21"
    rxjs "^7.8.1"
    shell-quote "^1.8.1"
    supports-color "^8.1.1"
    tree-kill "^1.2.2"
    yargs "^17.7.2"

emoji-regex@^8.0.0:
  version "8.0.0"
  resolved "https://registry.yarnpkg.com/emoji-regex/-/emoji-regex-8.0.0.tgz#e818fd69ce5ccfcb404594f842963bf53164cc37"
  integrity sha512-MSjYzcWNOA0ewAHpz0MxpYFvwg6yjy1NG3xteoqz644VCo/RPgnr1/GGt+ic3iJTzQ8Eu3TdM14SawnVUmGE6A==

esbuild@~0.25.0:
  version "0.25.8"
  resolved "https://registry.yarnpkg.com/esbuild/-/esbuild-0.25.8.tgz#482d42198b427c9c2f3a81b63d7663aecb1dda07"
  integrity sha512-vVC0USHGtMi8+R4Kz8rt6JhEWLxsv9Rnu/lGYbPR8u47B+DCBksq9JarW0zOO7bs37hyOK1l2/oqtbciutL5+Q==
  optionalDependencies:
    "@esbuild/aix-ppc64" "0.25.8"
    "@esbuild/android-arm" "0.25.8"
    "@esbuild/android-arm64" "0.25.8"
    "@esbuild/android-x64" "0.25.8"
    "@esbuild/darwin-arm64" "0.25.8"
    "@esbuild/darwin-x64" "0.25.8"
    "@esbuild/freebsd-arm64" "0.25.8"
    "@esbuild/freebsd-x64" "0.25.8"
    "@esbuild/linux-arm" "0.25.8"
    "@esbuild/linux-arm64" "0.25.8"
    "@esbuild/linux-ia32" "0.25.8"
    "@esbuild/linux-loong64" "0.25.8"
    "@esbuild/linux-mips64el" "0.25.8"
    "@esbuild/linux-ppc64" "0.25.8"
    "@esbuild/linux-riscv64" "0.25.8"
    "@esbuild/linux-s390x" "0.25.8"
    "@esbuild/linux-x64" "0.25.8"
    "@esbuild/netbsd-arm64" "0.25.8"
    "@esbuild/netbsd-x64" "0.25.8"
    "@esbuild/openbsd-arm64" "0.25.8"
    "@esbuild/openbsd-x64" "0.25.8"
    "@esbuild/openharmony-arm64" "0.25.8"
    "@esbuild/sunos-x64" "0.25.8"
    "@esbuild/win32-arm64" "0.25.8"
    "@esbuild/win32-ia32" "0.25.8"
    "@esbuild/win32-x64" "0.25.8"

escalade@^3.1.1:
  version "3.2.0"
  resolved "https://registry.yarnpkg.com/escalade/-/escalade-3.2.0.tgz#011a3f69856ba189dffa7dc8fcce99d2a87903e5"
  integrity sha512-WUj2qlxaQtO4g6Pq5c29GTcWGDyd8itL8zTlipgECz3JesAiiOKotd8JU6otB3PACgG6xkJUyVhboMS+bje/jA==

eventemitter3@5.0.1:
  version "5.0.1"
  resolved "https://registry.yarnpkg.com/eventemitter3/-/eventemitter3-5.0.1.tgz#53f5ffd0a492ac800721bb42c66b841de96423c4"
  integrity sha512-GWkBvjiSZK87ELrYOSESUYeVIc9mvLLf/nXalMOS5dYrgZq9o5OVkbZAVM06CVxYsCwH9BDZFPlQTlPA1j4ahA==

fsevents@~2.3.3:
  version "2.3.3"
  resolved "https://registry.yarnpkg.com/fsevents/-/fsevents-2.3.3.tgz#cac6407785d03675a2a5e1a5305c697b347d90d6"
  integrity sha512-5xoDfX+fL7faATnagmWPpbFtwh/R77WmMMqqHGS65C3vvB0YHrgF+B1YmZ3441tMj5n63k0212XNoJwzlhffQw==

get-caller-file@^2.0.5:
  version "2.0.5"
  resolved "https://registry.yarnpkg.com/get-caller-file/-/get-caller-file-2.0.5.tgz#4f94412a82db32f36e3b0b9741f8a97feb031f7e"
  integrity sha512-DyFP3BM/3YHTQOCUL/w0OZHR0lpKeGrxotcHWcqNEdnltqFwXVfhEBQ94eIo34AfQpo0rGki4cyIiftY06h2Fg==

get-tsconfig@^4.7.5:
  version "4.10.1"
  resolved "https://registry.yarnpkg.com/get-tsconfig/-/get-tsconfig-4.10.1.tgz#d34c1c01f47d65a606c37aa7a177bc3e56ab4b2e"
  integrity sha512-auHyJ4AgMz7vgS8Hp3N6HXSmlMdUyhSUrfBF16w153rxtLIEOE+HGqaBppczZvnHLqQJfiHotCYpNhl0lUROFQ==
  dependencies:
    resolve-pkg-maps "^1.0.0"

has-flag@^4.0.0:
  version "4.0.0"
  resolved "https://registry.yarnpkg.com/has-flag/-/has-flag-4.0.0.tgz#944771fd9c81c81265c4d6941860da06bb59479b"
  integrity sha512-EykJT/Q1KjTWctppgIAgfSO0tKVuZUjhgMr17kqTumMl6Afv3EISleU7qZUzoXDFTAHTDC4NOoG/ZxU3EvlMPQ==

is-fullwidth-code-point@^3.0.0:
  version "3.0.0"
  resolved "https://registry.yarnpkg.com/is-fullwidth-code-point/-/is-fullwidth-code-point-3.0.0.tgz#f116f8064fe90b3f7844a38997c0b75051269f1d"
  integrity sha512-zymm5+u+sCsSWyD9qNaejV3DFvhCKclKdizYaJUuHA83RLjb7nSuGnddCHGv0hk+KY7BMAlsWeK4Ueg6EV6XQg==

isows@1.0.7:
  version "1.0.7"
  resolved "https://registry.yarnpkg.com/isows/-/isows-1.0.7.tgz#1c06400b7eed216fbba3bcbd68f12490fc342915"
  integrity sha512-I1fSfDCZL5P0v33sVqeTDSpcstAg/N+wF5HS033mogOVIp4B+oHC7oOCsA3axAbBSGTJ8QubbNmnIRN/h8U7hg==

lodash@^4.17.21:
  version "4.17.21"
  resolved "https://registry.yarnpkg.com/lodash/-/lodash-4.17.21.tgz#679591c564c3bffaae8454cf0b3df370c3d6911c"
  integrity sha512-v2kDEe57lecTulaDIuNTPy3Ry4gLGJ6Z1O3vE1krgXZNrsQ+LFTGHVxVjcXPs17LhbZVGedAJv8XZ1tvj5FvSg==

long@^5.0.0, long@^5.2.0:
  version "5.3.2"
  resolved "https://registry.yarnpkg.com/long/-/long-5.3.2.tgz#1d84463095999262d7d7b7f8bfd4a8cc55167f83"
  integrity sha512-mNAgZ1GmyNhD7AuqnTG3/VQ26o760+ZYBPKjPvugO8+nLbYfX6TVpJPseBvopbdY+qpZ/lKUnmEc1LeZYS3QAA==

multiformats@^13.0.0:
  version "13.3.7"
  resolved "https://registry.yarnpkg.com/multiformats/-/multiformats-13.3.7.tgz#9313edd1b152d9997ab6830c4f702783e724d62f"
  integrity sha512-meL9DERHj+fFVWoOX9fXqfcYcSpUfSYJPcFvDPKrxitICbwAoWR+Ut4j5NO9zAT917HUHLQmqzQbAsGNHlDcxQ==

ox@0.9.3:
  version "0.9.3"
  resolved "https://registry.yarnpkg.com/ox/-/ox-0.9.3.tgz#92cc1008dcd913e919364fd4175c860b3eeb18db"
  integrity sha512-KzyJP+fPV4uhuuqrTZyok4DC7vFzi7HLUFiUNEmpbyh59htKWkOC98IONC1zgXJPbHAhQgqs6B0Z6StCGhmQvg==
  dependencies:
    "@adraffy/ens-normalize" "^1.11.0"
    "@noble/ciphers" "^1.3.0"
    "@noble/curves" "1.9.1"
    "@noble/hashes" "^1.8.0"
    "@scure/bip32" "^1.7.0"
    "@scure/bip39" "^1.6.0"
    abitype "^1.0.9"
    eventemitter3 "5.0.1"

protobufjs@^7.0.0:
  version "7.5.3"
  resolved "https://registry.yarnpkg.com/protobufjs/-/protobufjs-7.5.3.tgz#13f95a9e3c84669995ec3652db2ac2fb00b89363"
  integrity sha512-sildjKwVqOI2kmFDiXQ6aEB0fjYTafpEvIBs8tOR8qI4spuL9OPROLVu2qZqi/xgCfsHIwVqlaF8JBjWFHnKbw==
  dependencies:
    "@protobufjs/aspromise" "^1.1.2"
    "@protobufjs/base64" "^1.1.2"
    "@protobufjs/codegen" "^2.0.4"
    "@protobufjs/eventemitter" "^1.1.0"
    "@protobufjs/fetch" "^1.1.0"
    "@protobufjs/float" "^1.0.2"
    "@protobufjs/inquire" "^1.1.0"
    "@protobufjs/path" "^1.1.2"
    "@protobufjs/pool" "^1.1.0"
    "@protobufjs/utf8" "^1.1.0"
    "@types/node" ">=13.7.0"
    long "^5.0.0"

require-directory@^2.1.1:
  version "2.1.1"
  resolved "https://registry.yarnpkg.com/require-directory/-/require-directory-2.1.1.tgz#8c64ad5fd30dab1c976e2344ffe7f792a6a6df42"
  integrity sha512-fGxEI7+wsG9xrvdjsrlmL22OMTTiHRwAMroiEeMgq8gzoLC/PQr7RsRDSTLUg/bZAZtF+TVIkHc6/4RIKrui+Q==

resolve-pkg-maps@^1.0.0:
  version "1.0.0"
  resolved "https://registry.yarnpkg.com/resolve-pkg-maps/-/resolve-pkg-maps-1.0.0.tgz#616b3dc2c57056b5588c31cdf4b3d64db133720f"
  integrity sha512-seS2Tj26TBVOC2NIc2rOe2y2ZO7efxITtLZcGSOnHHNOQ7CkiUBfw0Iw2ck6xkIhPwLhKNLS8BO+hEpngQlqzw==

rxjs@^7.8.0, rxjs@^7.8.1:
  version "7.8.2"
  resolved "https://registry.yarnpkg.com/rxjs/-/rxjs-7.8.2.tgz#955bc473ed8af11a002a2be52071bf475638607b"
  integrity sha512-dhKf903U/PQZY6boNNtAGdWbG85WAbjT/1xYoZIC7FAY0yWapOBQVsVrDl58W86//e1VpMNBtRV4MaXfdMySFA==
  dependencies:
    tslib "^2.1.0"

shell-quote@^1.8.1:
  version "1.8.3"
  resolved "https://registry.yarnpkg.com/shell-quote/-/shell-quote-1.8.3.tgz#55e40ef33cf5c689902353a3d8cd1a6725f08b4b"
  integrity sha512-ObmnIF4hXNg1BqhnHmgbDETF8dLPCggZWBjkQfhZpbszZnYur5DUljTcCHii5LC3J5E0yeO/1LIMyH+UvHQgyw==

string-width@^4.1.0, string-width@^4.2.0, string-width@^4.2.3:
  version "4.2.3"
  resolved "https://registry.yarnpkg.com/string-width/-/string-width-4.2.3.tgz#269c7117d27b05ad2e536830a8ec895ef9c6d010"
  integrity sha512-wKyQRQpjJ0sIp62ErSZdGsjMJWsap5oRNihHhu6G7JVO/9jIB6UyevL+tXuOqrng8j/cxKTWyWUwvSTriiZz/g==
  dependencies:
    emoji-regex "^8.0.0"
    is-fullwidth-code-point "^3.0.0"
    strip-ansi "^6.0.1"

strip-ansi@^6.0.0, strip-ansi@^6.0.1:
  version "6.0.1"
  resolved "https://registry.yarnpkg.com/strip-ansi/-/strip-ansi-6.0.1.tgz#9e26c63d30f53443e9489495b2105d37b67a85d9"
  integrity sha512-Y38VPSHcqkFrCpFnQ9vuSXmquuv5oXOKpGeT6aGrr3o3Gc9AlVa6JBfUSOCnbxGGZF+/0ooI7KrPuUSztUdU5A==
  dependencies:
    ansi-regex "^5.0.1"

supports-color@^7.1.0:
  version "7.2.0"
  resolved "https://registry.yarnpkg.com/supports-color/-/supports-color-7.2.0.tgz#1b7dcdcb32b8138801b3e478ba6a51caa89648da"
  integrity sha512-qpCAvRl9stuOHveKsn7HncJRvv501qIacKzQlO/+Lwxc9+0q2wLyv4Dfvt80/DPn2pqOBsJdDiogXGR9+OvwRw==
  dependencies:
    has-flag "^4.0.0"

supports-color@^8.1.1:
  version "8.1.1"
  resolved "https://registry.yarnpkg.com/supports-color/-/supports-color-8.1.1.tgz#cd6fc17e28500cff56c1b86c0a7fd4a54a73005c"
  integrity sha512-MpUEN2OodtUzxvKQl72cUF7RQ5EiHsGvSsVG0ia9c5RbWGL2CI4C7EpPS8UTBIplnlzZiNuV56w+FuNxy3ty2Q==
  dependencies:
    has-flag "^4.0.0"

tree-kill@^1.2.2:
  version "1.2.2"
  resolved "https://registry.yarnpkg.com/tree-kill/-/tree-kill-1.2.2.tgz#4ca09a9092c88b73a7cdc5e8a01b507b0790a0cc"
  integrity sha512-L0Orpi8qGpRG//Nd+H90vFB+3iHnue1zSSGmNOOCh1GLJ7rUKVwV2HvijphGQS2UmhUZewS9VgvxYIdgr+fG1A==

tslib@^2.1.0:
  version "2.8.1"
  resolved "https://registry.yarnpkg.com/tslib/-/tslib-2.8.1.tgz#612efe4ed235d567e8aba5f2a5fab70280ade83f"
  integrity sha512-oJFu94HQb+KVduSUQL7wnpmqnfmLsOA/nAh6b6EH0wCEoK0/mPeXU6c3wKDV83MkOuHPRHtSXKKU99IBazS/2w==

tsx@^4.19.3:
  version "4.20.3"
  resolved "https://registry.yarnpkg.com/tsx/-/tsx-4.20.3.tgz#f913e4911d59ad177c1bcee19d1035ef8dd6e2fb"
  integrity sha512-qjbnuR9Tr+FJOMBqJCW5ehvIo/buZq7vH7qD7JziU98h6l3qGy0a/yPFjwO+y0/T7GFpNgNAvEcPPVfyT8rrPQ==
  dependencies:
    esbuild "~0.25.0"
    get-tsconfig "^4.7.5"
  optionalDependencies:
    fsevents "~2.3.3"

typescript@^5.7.3:
  version "5.8.3"
  resolved "https://registry.yarnpkg.com/typescript/-/typescript-5.8.3.tgz#92f8a3e5e3cf497356f4178c34cd65a7f5e8440e"
  integrity sha512-p1diW6TqL9L07nNxvRMM7hMMw4c5XOo/1ibL4aAIGmSAt9slTE1Xgw5KWuof2uTOvCg9BY7ZRi+GaF+7sfgPeQ==

uint8arrays@^5.1.0:
  version "5.1.0"
  resolved "https://registry.yarnpkg.com/uint8arrays/-/uint8arrays-5.1.0.tgz#14047c9bdf825d025b7391299436e5e50e7270f1"
  integrity sha512-vA6nFepEmlSKkMBnLBaUMVvAC4G3CTmO58C12y4sq6WPDOR7mOFYOi7GlrQ4djeSbP6JG9Pv9tJDM97PedRSww==
  dependencies:
    multiformats "^13.0.0"

undici-types@~6.21.0:
  version "6.21.0"
  resolved "https://registry.yarnpkg.com/undici-types/-/undici-types-6.21.0.tgz#691d00af3909be93a7faa13be61b3a5b50ef12cb"
  integrity sha512-iwDZqg0QAGrg9Rav5H4n0M64c3mkR59cJ6wQp+7C4nI0gsmExaedaYLNO44eT4AtBBwjbTiGPMlt2Md0T9H9JQ==

undici-types@~7.8.0:
  version "7.8.0"
  resolved "https://registry.yarnpkg.com/undici-types/-/undici-types-7.8.0.tgz#de00b85b710c54122e44fbfd911f8d70174cd294"
  integrity sha512-9UJ2xGDvQ43tYyVMpuHlsgApydB8ZKfVYTsLDhXkFL/6gfkp+U8xTGdh8pMJv1SpZna0zxG1DwsKZsreLbXBxw==

undici@^5.8.1:
  version "5.29.0"
  resolved "https://registry.yarnpkg.com/undici/-/undici-5.29.0.tgz#419595449ae3f2cdcba3580a2e8903399bd1f5a3"
  integrity sha512-raqeBD6NQK4SkWhQzeYKd1KmIG6dllBOTt55Rmkt4HtI9mwdWtJljnrXjAFUBLTSN67HWrOIZ3EPF4kjUw80Bg==
  dependencies:
    "@fastify/busboy" "^2.0.0"

viem@^2.31.7:
  version "2.37.5"
  resolved "https://registry.yarnpkg.com/viem/-/viem-2.37.5.tgz#3df9e75bc25eabcf09db6d4b4a423a1f53413a37"
  integrity sha512-bLKvKgLcge6KWBMLk8iP9weu5tHNr0hkxPNwQd+YQrHEgek7ogTBBeE10T0V6blwBMYmeZFZHLnMhDmPjp63/A==
  dependencies:
    "@noble/curves" "1.9.1"
    "@noble/hashes" "1.8.0"
    "@scure/bip32" "1.7.0"
    "@scure/bip39" "1.6.0"
    abitype "1.1.0"
    isows "1.0.7"
    ox "0.9.3"
    ws "8.18.3"

wrap-ansi@^7.0.0:
  version "7.0.0"
  resolved "https://registry.yarnpkg.com/wrap-ansi/-/wrap-ansi-7.0.0.tgz#67e145cff510a6a6984bdf1152911d69d2eb9e43"
  integrity sha512-YVGIj2kamLSTxw6NsZjoBxfSwsn0ycdesmc4p+Q21c5zPuZ1pl+NfxVdxPtdHvmNVOQ6XSYG4AUtyt/Fi7D16Q==
  dependencies:
    ansi-styles "^4.0.0"
    string-width "^4.1.0"
    strip-ansi "^6.0.0"

ws@8.18.3:
  version "8.18.3"
  resolved "https://registry.yarnpkg.com/ws/-/ws-8.18.3.tgz#b56b88abffde62791c639170400c93dcb0c95472"
  integrity sha512-PEIGCY5tSlUt50cqyMXfCzX+oOPqN0vuGqWzbcJ2xvnkzkq46oOpz7dQaTDBdfICb4N14+GARUDw2XV2N4tvzg==

y18n@^5.0.5:
  version "5.0.8"
  resolved "https://registry.yarnpkg.com/y18n/-/y18n-5.0.8.tgz#7f4934d0f7ca8c56f95314939ddcd2dd91ce1d55"
  integrity sha512-0pfFzegeDWJHJIAmTLRP2DwHjdF5s7jo9tuztdQxAhINCdvS+3nGINqPd00AphqJR/0LhANUS6/+7SCb98YOfA==

yargs-parser@^21.1.1:
  version "21.1.1"
  resolved "https://registry.yarnpkg.com/yargs-parser/-/yargs-parser-21.1.1.tgz#9096bceebf990d21bb31fa9516e0ede294a77d35"
  integrity sha512-tVpsJW7DdjecAiFpbIB1e3qxIQsE6NoPc5/eTdrbbIC4h0LVsWhnoa3g+m2HclBIujHzsxZ4VJVA+GUuc2/LBw==

yargs@^17.7.2:
  version "17.7.2"
  resolved "https://registry.yarnpkg.com/yargs/-/yargs-17.7.2.tgz#991df39aca675a192b816e1e0363f9d75d2aa269"
  integrity sha512-7dSzzRQ++CKnNI/krKnYRV7JKKPUXMEh61soaHKg9mrWEhzFWhFnxPxGl+69cD1Ou63C13NUPCnmIcrvqCuM6w==
  dependencies:
    cliui "^8.0.1"
    escalade "^3.1.1"
    get-caller-file "^2.0.5"
    require-directory "^2.1.1"
    string-width "^4.2.3"
    y18n "^5.0.5"
    yargs-parser "^21.1.1"
